
Microsoft Visual Studio Solution File, Format Version 11.00
# Visual Studio 2010
Project("{FAE04EC0-301F-11D3-BF4B-00C04F79EFBC}") = "NoShooting", "Assembly-CSharp.csproj", "{DCF366E5-8E5B-B681-E6CF-5BCF4CC422C0}"
EndProject
Project("{FAE04EC0-301F-11D3-BF4B-00C04F79EFBC}") = "NoShooting", "Assembly-CSharp-Editor.csproj", "{C074166C-2618-A506-DEBB-F249F0F660EC}"
EndProject
Global
	GlobalSection(SolutionConfigurationPlatforms) = preSolution
		Debug|Any CPU = Debug|Any CPU
		Release|Any CPU = Release|Any CPU
	EndGlobalSection
	GlobalSection(ProjectConfigurationPlatforms) = postSolution
		{DCF366E5-8E5B-B681-E6CF-5BCF4CC422C0}.Debug|Any CPU.ActiveCfg = Debug|Any CPU
		{DCF366E5-8E5B-B681-E6CF-5BCF4CC422C0}.Debug|Any CPU.Build.0 = Debug|Any CPU
		{DCF366E5-8E5B-B681-E6CF-5BCF4CC422C0}.Release|Any CPU.ActiveCfg = Release|Any CPU
		{DCF366E5-8E5B-B681-E6CF-5BCF4CC422C0}.Release|Any CPU.Build.0 = Release|Any CPU
		{C074166C-2618-A506-DEBB-F249F0F660EC}.Debug|Any CPU.ActiveCfg = Debug|Any CPU
		{C074166C-2618-A506-DEBB-F249F0F660EC}.Debug|Any CPU.Build.0 = Debug|Any CPU
		{C074166C-2618-A506-DEBB-F249F0F660EC}.Release|Any CPU.ActiveCfg = Release|Any CPU
		{C074166C-2618-A506-DEBB-F249F0F660EC}.Release|Any CPU.Build.0 = Release|Any CPU
	EndGlobalSection
	GlobalSection(SolutionProperties) = preSolution
		HideSolutionNode = FALSE
	EndGlobalSection
	GlobalSection(MonoDevelopProperties) = preSolution
		StartupItem = Assembly-CSharp.csproj
	EndGlobalSection
EndGlobal
